
Microsoft Visual Studio Solution File, Format Version 12.00
# Visual Studio Version 16
VisualStudioVersion = 16.0.31205.134
MinimumVisualStudioVersion = 10.0.40219.1
Project("{9A19103F-16F7-4668-BE54-9A1E7A4F7556}") = "GoogleAuth", "GoogleAuth.csproj", "{3051DC05-0CEB-488E-B9B7-5629A3C7D755}"
EndProject
Global
	GlobalSection(SolutionConfigurationPlatforms) = preSolution
		Debug|Any CPU = Debug|Any CPU
		Release|Any CPU = Release|Any CPU
	EndGlobalSection
	GlobalSection(ProjectConfigurationPlatforms) = postSolution
		{3051DC05-0CEB-488E-B9B7-5629A3C7D755}.Debug|Any CPU.ActiveCfg = Debug|Any CPU
		{3051DC05-0CEB-488E-B9B7-5629A3C7D755}.Debug|Any CPU.Build.0 = Debug|Any CPU
		{3051DC05-0CEB-488E-B9B7-5629A3C7D755}.Release|Any CPU.ActiveCfg = Release|Any CPU
		{3051DC05-0CEB-488E-B9B7-5629A3C7D755}.Release|Any CPU.Build.0 = Release|Any CPU
	EndGlobalSection
	GlobalSection(SolutionProperties) = preSolution
		HideSolutionNode = FALSE
	EndGlobalSection
	GlobalSection(ExtensibilityGlobals) = postSolution
		SolutionGuid = {3FB2D46D-D799-4EEB-BBA3-0791CC100AB3}
	EndGlobalSection
EndGlobal
